
Microsoft Visual Studio Solution File, Format Version 12.00
# Visual Studio Version 17
VisualStudioVersion = 17.0.31903.59
MinimumVisualStudioVersion = 10.0.40219.1
Project("{FAE04EC0-301F-11D3-BF4B-00C04F79EFBC}") = "ChildDev.Api", "ChildDev.Api\ChildDev.Api.csproj", "{0A5B2710-42DB-4F18-AA95-A67738311E2C}"
EndProject
Project("{FAE04EC0-301F-11D3-BF4B-00C04F79EFBC}") = "ChildDev.Api.Tests", "ChildDev.Api.Tests\ChildDev.Api.Tests.csproj", "{6E61569F-75E7-4E06-8666-1280C6B032B4}"
EndProject
Global
	GlobalSection(SolutionConfigurationPlatforms) = preSolution
		Debug|Any CPU = Debug|Any CPU
		Release|Any CPU = Release|Any CPU
	EndGlobalSection
	GlobalSection(SolutionProperties) = preSolution
		HideSolutionNode = FALSE
	EndGlobalSection
	GlobalSection(ProjectConfigurationPlatforms) = postSolution
		{0A5B2710-42DB-4F18-AA95-A67738311E2C}.Debug|Any CPU.ActiveCfg = Debug|Any CPU
		{0A5B2710-42DB-4F18-AA95-A67738311E2C}.Debug|Any CPU.Build.0 = Debug|Any CPU
		{0A5B2710-42DB-4F18-AA95-A67738311E2C}.Release|Any CPU.ActiveCfg = Release|Any CPU
		{0A5B2710-42DB-4F18-AA95-A67738311E2C}.Release|Any CPU.Build.0 = Release|Any CPU
		{6E61569F-75E7-4E06-8666-1280C6B032B4}.Debug|Any CPU.ActiveCfg = Debug|Any CPU
		{6E61569F-75E7-4E06-8666-1280C6B032B4}.Debug|Any CPU.Build.0 = Debug|Any CPU
		{6E61569F-75E7-4E06-8666-1280C6B032B4}.Release|Any CPU.ActiveCfg = Release|Any CPU
		{6E61569F-75E7-4E06-8666-1280C6B032B4}.Release|Any CPU.Build.0 = Release|Any CPU
	EndGlobalSection
EndGlobal
